Microsoft Visual Studio Solution File, Format Version 11.00
# Visual Studio 2008

Project("{76F9C0FE-D0BF-7E3C-B1C0-B1F9A5650E47}") = "UnityCoroutineFrame", "Assembly-CSharp.csproj", "{9116E767-32DF-4347-D631-90DC21D3E073}"
EndProject
Global
	GlobalSection(SolutionConfigurationPlatforms) = preSolution
		Debug|Any CPU = Debug|Any CPU
		Release|Any CPU = Release|Any CPU
	EndGlobalSection
	GlobalSection(ProjectConfigurationPlatforms) = postSolution
		{9116E767-32DF-4347-D631-90DC21D3E073}.Debug|Any CPU.ActiveCfg = Debug|Any CPU
		{9116E767-32DF-4347-D631-90DC21D3E073}.Debug|Any CPU.Build.0 = Debug|Any CPU
		{9116E767-32DF-4347-D631-90DC21D3E073}.Release|Any CPU.ActiveCfg = Release|Any CPU
		{9116E767-32DF-4347-D631-90DC21D3E073}.Release|Any CPU.Build.0 = Release|Any CPU
	EndGlobalSection
	GlobalSection(SolutionProperties) = preSolution
		HideSolutionNode = FALSE
	EndGlobalSection
								GlobalSection(MonoDevelopProperties) = preSolution
		StartupItem = Assembly-CSharp.csproj
		Policies = $0
		$0.TextStylePolicy = $1
		$1.inheritsSet = null
		$1.scope = text/x-csharp
		$0.CSharpFormattingPolicy = $2
		$2.inheritsSet = Mono
		$2.inheritsScope = text/x-csharp
		$2.scope = text/x-csharp
		$0.TextStylePolicy = $3
		$3.FileWidth = 120
		$3.TabWidth = 4
		$3.IndentWidth = 4
		$3.EolMarker = Unix
		$3.inheritsSet = Mono
		$3.inheritsScope = text/plain
		$3.scope = text/plain
	EndGlobalSection

EndGlobal
